
Microsoft Visual Studio Solution File, Format Version 12.00
# Visual Studio Version 17
VisualStudioVersion = 17.0.32014.148
MinimumVisualStudioVersion = 10.0.40219.1
Project("{2150E333-8FDC-42A3-9474-1A3956D46DE8}") = "1.Presentation", "1.Presentation", "{9927F583-FB2B-445C-89A8-50AE951EC831}"
EndProject
Project("{9A19103F-16F7-4668-BE54-9A1E7A4F7556}") = "Cooperchip.ITDeveloper.Mvc", "src\Cooperchip.ITDeveloper.Mvc\Cooperchip.ITDeveloper.Mvc.csproj", "{AA8F6E62-FE23-435B-A25B-0E3AA73B5B86}"
EndProject
Global
	GlobalSection(SolutionConfigurationPlatforms) = preSolution
		Debug|Any CPU = Debug|Any CPU
		Release|Any CPU = Release|Any CPU
	EndGlobalSection
	GlobalSection(ProjectConfigurationPlatforms) = postSolution
		{AA8F6E62-FE23-435B-A25B-0E3AA73B5B86}.Debug|Any CPU.ActiveCfg = Debug|Any CPU
		{AA8F6E62-FE23-435B-A25B-0E3AA73B5B86}.Debug|Any CPU.Build.0 = Debug|Any CPU
		{AA8F6E62-FE23-435B-A25B-0E3AA73B5B86}.Release|Any CPU.ActiveCfg = Release|Any CPU
		{AA8F6E62-FE23-435B-A25B-0E3AA73B5B86}.Release|Any CPU.Build.0 = Release|Any CPU
	EndGlobalSection
	GlobalSection(SolutionProperties) = preSolution
		HideSolutionNode = FALSE
	EndGlobalSection
	GlobalSection(NestedProjects) = preSolution
		{AA8F6E62-FE23-435B-A25B-0E3AA73B5B86} = {9927F583-FB2B-445C-89A8-50AE951EC831}
	EndGlobalSection
	GlobalSection(ExtensibilityGlobals) = postSolution
		SolutionGuid = {A22B7889-FD76-402A-B8D4-4FF5003543B0}
	EndGlobalSection
EndGlobal
